
Microsoft Visual Studio Solution File, Format Version 12.00
# Visual Studio Version 16
VisualStudioVersion = 16.0.29102.190
MinimumVisualStudioVersion = 10.0.40219.1
Project("{9A19103F-16F7-4668-BE54-9A1E7A4F7556}") = "PerformanceWork", "PerformanceWork\PerformanceWork.csproj", "{ACE355A5-24C5-485F-86FB-A9D66D54B27F}"
EndProject
Project("{FAE04EC0-301F-11D3-BF4B-00C04F79EFBC}") = "PerformanceWorkTests", "PerformanceWorkTests\PerformanceWorkTests.csproj", "{72D73114-2DBA-4D2E-AECA-88EBB6227611}"
EndProject
Global
	GlobalSection(SolutionConfigurationPlatforms) = preSolution
		Debug|Any CPU = Debug|Any CPU
		Release|Any CPU = Release|Any CPU
	EndGlobalSection
	GlobalSection(ProjectConfigurationPlatforms) = postSolution
		{ACE355A5-24C5-485F-86FB-A9D66D54B27F}.Debug|Any CPU.ActiveCfg = Debug|Any CPU
		{ACE355A5-24C5-485F-86FB-A9D66D54B27F}.Debug|Any CPU.Build.0 = Debug|Any CPU
		{ACE355A5-24C5-485F-86FB-A9D66D54B27F}.Release|Any CPU.ActiveCfg = Release|Any CPU
		{ACE355A5-24C5-485F-86FB-A9D66D54B27F}.Release|Any CPU.Build.0 = Release|Any CPU
		{72D73114-2DBA-4D2E-AECA-88EBB6227611}.Debug|Any CPU.ActiveCfg = Debug|Any CPU
		{72D73114-2DBA-4D2E-AECA-88EBB6227611}.Debug|Any CPU.Build.0 = Debug|Any CPU
		{72D73114-2DBA-4D2E-AECA-88EBB6227611}.Release|Any CPU.ActiveCfg = Release|Any CPU
		{72D73114-2DBA-4D2E-AECA-88EBB6227611}.Release|Any CPU.Build.0 = Release|Any CPU
	EndGlobalSection
	GlobalSection(SolutionProperties) = preSolution
		HideSolutionNode = FALSE
	EndGlobalSection
	GlobalSection(ExtensibilityGlobals) = postSolution
		SolutionGuid = {809CEC56-41B6-4519-96D6-6804985C32C9}
	EndGlobalSection
EndGlobal
